
Microsoft Visual Studio Solution File, Format Version 12.00
# Visual Studio Version 16
VisualStudioVersion = 16.0.30804.86
MinimumVisualStudioVersion = 10.0.40219.1
Project("{FAE04EC0-301F-11D3-BF4B-00C04F79EFBC}") = "curso.api", "curso.api\curso.api.csproj", "{AE5377FF-CFDA-4FBC-9607-EE8D2FA2E7CC}"
EndProject
Global
	GlobalSection(SolutionConfigurationPlatforms) = preSolution
		Debug|Any CPU = Debug|Any CPU
		Release|Any CPU = Release|Any CPU
	EndGlobalSection
	GlobalSection(ProjectConfigurationPlatforms) = postSolution
		{AE5377FF-CFDA-4FBC-9607-EE8D2FA2E7CC}.Debug|Any CPU.ActiveCfg = Debug|Any CPU
		{AE5377FF-CFDA-4FBC-9607-EE8D2FA2E7CC}.Debug|Any CPU.Build.0 = Debug|Any CPU
		{AE5377FF-CFDA-4FBC-9607-EE8D2FA2E7CC}.Release|Any CPU.ActiveCfg = Release|Any CPU
		{AE5377FF-CFDA-4FBC-9607-EE8D2FA2E7CC}.Release|Any CPU.Build.0 = Release|Any CPU
	EndGlobalSection
	GlobalSection(SolutionProperties) = preSolution
		HideSolutionNode = FALSE
	EndGlobalSection
	GlobalSection(ExtensibilityGlobals) = postSolution
		SolutionGuid = {6C8302B5-BC15-47AA-8FC6-B0ED117FA6F1}
	EndGlobalSection
EndGlobal
